<?xml version="1.0" encoding="utf-8"?>
<Project ToolsVersion="4.0" xmlns="http://schemas.microsoft.com/developer/msbuild/2003">
  <ItemGroup>
    <Filter Include="ソース ファイル">
      <UniqueIdentifier>{4FC737F1-C7A5-4376-A066-2A32D752A2FF}</UniqueIdentifier>
      <Extensions>cpp;c;cc;cxx;def;odl;idl;hpj;bat;asm;asmx</Extensions>
    </Filter>
    <Filter Include="ヘッダー ファイル">
      <UniqueIdentifier>{93995380-89BD-4b04-88EB-625FBE52EBFB}</UniqueIdentifier>
      <Extensions>h;hh;hpp;hxx;hm;inl;inc;ipp;xsd</Extensions>
    </Filter>
    <Filter Include="リソース ファイル">
      <UniqueIdentifier>{67DA6AB6-F800-4c08-8B7A-83BB121AAD01}</UniqueIdentifier>
      <Extensions>rc;ico;cur;bmp;dlg;rc2;rct;bin;rgs;gif;jpg;jpeg;jpe;resx;tiff;tif;png;wav;mfcribbon-ms</Extensions>
    </Filter>
    <Filter Include="Engine">
      <UniqueIdentifier>{290e2516-1931-4ab9-8050-264ad3c1ee3d}</UniqueIdentifier>
    </Filter>
    <Filter Include="Manager">
      <UniqueIdentifier>{e28d8e0d-9a65-4ffc-90aa-db7b20f33c92}</UniqueIdentifier>
    </Filter>
    <Filter Include="Object">
      <UniqueIdentifier>{0594cb57-04bd-43cb-9291-6db1ddf46922}</UniqueIdentifier>
    </Filter>
    <Filter Include="Sound">
      <UniqueIdentifier>{ffa3f82a-a56c-42ec-b248-70f56adff777}</UniqueIdentifier>
    </Filter>
    <Filter Include="Utility">
      <UniqueIdentifier>{a668b6d0-eacd-40d3-adce-fa832c5730ec}</UniqueIdentifier>
    </Filter>
    <Filter Include="DataBank">
      <UniqueIdentifier>{60ce1951-1c78-427a-b3ab-cb455305fb9f}</UniqueIdentifier>
    </Filter>
    <Filter Include="Player">
      <UniqueIdentifier>{c54bdb3c-96f4-4144-a120-a29673d7469b}</UniqueIdentifier>
    </Filter>
    <Filter Include="MeshData">
      <UniqueIdentifier>{39cf869c-d340-48de-9dc3-d22e7cf89db9}</UniqueIdentifier>
    </Filter>
    <Filter Include="Scene">
      <UniqueIdentifier>{09efdfa1-6290-41e8-b50a-7ca5e6e22b15}</UniqueIdentifier>
    </Filter>
    <Filter Include="UI">
      <UniqueIdentifier>{6b60699a-38c6-4a6d-8ba2-e2d98276a89c}</UniqueIdentifier>
    </Filter>
    <Filter Include="CSV">
      <UniqueIdentifier>{8a7fb0ee-03af-42ca-9c83-7cbb7289ef6e}</UniqueIdentifier>
    </Filter>
    <Filter Include="Production">
      <UniqueIdentifier>{8de30828-c1ac-490a-8a99-e129ecf94482}</UniqueIdentifier>
    </Filter>
  </ItemGroup>
  <ItemGroup>
    <ClCompile Include="main.cpp">
      <Filter>ソース ファイル</Filter>
    </ClCompile>
    <ClCompile Include="Engine\Camera.cpp">
      <Filter>Engine</Filter>
    </ClCompile>
    <ClCompile Include="Engine\DrawBuffer.cpp">
      <Filter>Engine</Filter>
    </ClCompile>
    <ClCompile Include="Engine\Engine.cpp">
      <Filter>Engine</Filter>
    </ClCompile>
    <ClCompile Include="Engine\FBX.cpp">
      <Filter>Engine</Filter>
    </ClCompile>
    <ClCompile Include="Engine\Graphics.cpp">
      <Filter>Engine</Filter>
    </ClCompile>
    <ClCompile Include="Engine\Input.cpp">
      <Filter>Engine</Filter>
    </ClCompile>
    <ClCompile Include="Engine\Window.cpp">
      <Filter>Engine</Filter>
    </ClCompile>
    <ClCompile Include="Manager\FbxManager.cpp">
      <Filter>Manager</Filter>
    </ClCompile>
    <ClCompile Include="Sound\AudioPlayer.cpp">
      <Filter>Sound</Filter>
    </ClCompile>
    <ClCompile Include="Sound\DirectSound.cpp">
      <Filter>Sound</Filter>
    </ClCompile>
    <ClCompile Include="Manager\SoundManager.cpp">
      <Filter>Manager</Filter>
    </ClCompile>
    <ClCompile Include="Utility\Collision.cpp">
      <Filter>Utility</Filter>
    </ClCompile>
    <ClCompile Include="Object\Pot.cpp">
      <Filter>Object</Filter>
    </ClCompile>
    <ClCompile Include="Object\ObjectBase.cpp">
      <Filter>Object</Filter>
    </ClCompile>
    <ClCompile Include="Object\Item.cpp">
      <Filter>Object</Filter>
    </ClCompile>
    <ClCompile Include="Manager\ObjectManager.cpp">
      <Filter>Manager</Filter>
    </ClCompile>
    <ClCompile Include="Object\Block.cpp">
      <Filter>Object</Filter>
    </ClCompile>
    <ClCompile Include="DataBank\DataBank.cpp">
      <Filter>DataBank</Filter>
    </ClCompile>
    <ClCompile Include="Object\Oil.cpp">
      <Filter>Object</Filter>
    </ClCompile>
    <ClCompile Include="MeshData\MeshData.cpp">
      <Filter>MeshData</Filter>
    </ClCompile>
    <ClCompile Include="Manager\SceneManager.cpp">
      <Filter>Manager</Filter>
    </ClCompile>
    <ClCompile Include="UI\GameUI.cpp">
      <Filter>UI</Filter>
    </ClCompile>
    <ClCompile Include="UI\TitleUI.cpp">
      <Filter>UI</Filter>
    </ClCompile>
    <ClCompile Include="UI\ResultUI.cpp">
      <Filter>UI</Filter>
    </ClCompile>
    <ClCompile Include="Scene\BaseScene.cpp">
      <Filter>Scene</Filter>
    </ClCompile>
    <ClCompile Include="Manager\UIManager.cpp">
      <Filter>Manager</Filter>
    </ClCompile>
    <ClCompile Include="UI\UIBase.cpp">
      <Filter>UI</Filter>
    </ClCompile>
    <ClCompile Include="Player\Player.cpp">
      <Filter>Player</Filter>
    </ClCompile>
    <ClCompile Include="Utility\Gravity.cpp">
      <Filter>Utility</Filter>
    </ClCompile>
    <ClCompile Include="Scene\TitleScene.cpp">
      <Filter>Scene</Filter>
    </ClCompile>
    <ClCompile Include="Scene\GameScene.cpp">
      <Filter>Scene</Filter>
    </ClCompile>
    <ClCompile Include="Scene\HelpScene.cpp">
      <Filter>Scene</Filter>
    </ClCompile>
    <ClCompile Include="Scene\GameEndScene.cpp">
      <Filter>Scene</Filter>
    </ClCompile>
    <ClCompile Include="CSV\CSV.cpp">
      <Filter>CSV</Filter>
    </ClCompile>
    <ClCompile Include="Production\ProductionBase.cpp">
      <Filter>Production</Filter>
    </ClCompile>
    <ClCompile Include="Manager\ProductionManager.cpp">
      <Filter>Manager</Filter>
    </ClCompile>
    <ClCompile Include="Production\StartProduction.cpp">
      <Filter>Production</Filter>
    </ClCompile>
    <ClCompile Include="Production\EndProduction.cpp">
      <Filter>Production</Filter>
    </ClCompile>
    <ClCompile Include="Scene\OptionScene.cpp">
      <Filter>Scene</Filter>
    </ClCompile>
    <ClCompile Include="UI\OptionUI.cpp">
      <Filter>UI</Filter>
    </ClCompile>
    <ClCompile Include="Object\WorldBox.cpp">
      <Filter>Object</Filter>
    </ClCompile>
    <ClCompile Include="Utility\Calculation.cpp">
      <Filter>Utility</Filter>
    </ClCompile>
  </ItemGroup>
  <ItemGroup>
    <ClInclude Include="Engine\Camera.h">
      <Filter>Engine</Filter>
    </ClInclude>
    <ClInclude Include="Engine\DrawBuffer.h">
      <Filter>Engine</Filter>
    </ClInclude>
    <ClInclude Include="Engine\Engine.h">
      <Filter>Engine</Filter>
    </ClInclude>
    <ClInclude Include="Engine\FBX.h">
      <Filter>Engine</Filter>
    </ClInclude>
    <ClInclude Include="Engine\Graphics.h">
      <Filter>Engine</Filter>
    </ClInclude>
    <ClInclude Include="Engine\Input.h">
      <Filter>Engine</Filter>
    </ClInclude>
    <ClInclude Include="Engine\Window.h">
      <Filter>Engine</Filter>
    </ClInclude>
    <ClInclude Include="Manager\FbxManager.h">
      <Filter>Manager</Filter>
    </ClInclude>
    <ClInclude Include="Sound\AudioPlayer.h">
      <Filter>Sound</Filter>
    </ClInclude>
    <ClInclude Include="Sound\DirectSound.h">
      <Filter>Sound</Filter>
    </ClInclude>
    <ClInclude Include="Manager\SoundManager.h">
      <Filter>Manager</Filter>
    </ClInclude>
    <ClInclude Include="Utility\Collision.h">
      <Filter>Utility</Filter>
    </ClInclude>
    <ClInclude Include="Utility\Vec.h">
      <Filter>Utility</Filter>
    </ClInclude>
    <ClInclude Include="Object\Pot.h">
      <Filter>Object</Filter>
    </ClInclude>
    <ClInclude Include="Object\ObjectBase.h">
      <Filter>Object</Filter>
    </ClInclude>
    <ClInclude Include="Object\Item.h">
      <Filter>Object</Filter>
    </ClInclude>
    <ClInclude Include="Manager\ObjectManager.h">
      <Filter>Manager</Filter>
    </ClInclude>
    <ClInclude Include="Object\Block.h">
      <Filter>Object</Filter>
    </ClInclude>
    <ClInclude Include="DataBank\DataBank.h">
      <Filter>DataBank</Filter>
    </ClInclude>
    <ClInclude Include="Object\Oil.h">
      <Filter>Object</Filter>
    </ClInclude>
    <ClInclude Include="MeshData\MeshData.h">
      <Filter>MeshData</Filter>
    </ClInclude>
    <ClInclude Include="Manager\SceneManager.h">
      <Filter>Manager</Filter>
    </ClInclude>
    <ClInclude Include="Scene\BaseScene.h">
      <Filter>Scene</Filter>
    </ClInclude>
    <ClInclude Include="Object\Oil.h">
      <Filter>Object</Filter>
    </ClInclude>
    <ClInclude Include="MeshData\MeshData.h">
      <Filter>MeshData</Filter>
    </ClInclude>
    <ClInclude Include="UI\GameUI.h">
      <Filter>UI</Filter>
    </ClInclude>
    <ClInclude Include="UI\TitleUI.h">
      <Filter>UI</Filter>
    </ClInclude>
    <ClInclude Include="UI\ResultUI.h">
      <Filter>UI</Filter>
    </ClInclude>
    <ClInclude Include="Manager\UIManager.h">
      <Filter>Manager</Filter>
    </ClInclude>
    <ClInclude Include="UI\UIBase.h">
      <Filter>UI</Filter>
    </ClInclude>
    <ClInclude Include="Player\Player.h">
      <Filter>Player</Filter>
    </ClInclude>
    <ClInclude Include="Utility\Gravity.h">
      <Filter>Utility</Filter>
    </ClInclude>
    <ClInclude Include="Utility\Singleton.h">
      <Filter>Utility</Filter>
    </ClInclude>
    <ClInclude Include="Scene\TitleScene.h">
      <Filter>Scene</Filter>
    </ClInclude>
    <ClInclude Include="Scene\GameScene.h">
      <Filter>Scene</Filter>
    </ClInclude>
    <ClInclude Include="Scene\HelpScene.h">
      <Filter>Scene</Filter>
    </ClInclude>
    <ClInclude Include="Scene\GameEndScene.h">
      <Filter>Scene</Filter>
    </ClInclude>
    <ClInclude Include="Singleton.h">
      <Filter>ヘッダー ファイル</Filter>
    </ClInclude>
    <ClInclude Include="CSV\CSV.h">
      <Filter>CSV</Filter>
    </ClInclude>
    <ClInclude Include="Production\ProductionBase.h">
      <Filter>Production</Filter>
    </ClInclude>
    <ClInclude Include="Manager\ProductionManager.h">
      <Filter>Manager</Filter>
    </ClInclude>
    <ClInclude Include="Production\StartProduction.h">
      <Filter>Production</Filter>
    </ClInclude>
    <ClInclude Include="Production\EndProduction.h">
      <Filter>Production</Filter>
    </ClInclude>
    <ClInclude Include="DataBank\Definition.h">
      <Filter>DataBank</Filter>
    </ClInclude>
    <ClInclude Include="Scene\OptionScene.h">
      <Filter>Scene</Filter>
    </ClInclude>
    <ClInclude Include="UI\OptionUI.h">
      <Filter>UI</Filter>
    </ClInclude>
    <ClInclude Include="Object\WorldBox.h">
      <Filter>Object</Filter>
    </ClInclude>
    <ClInclude Include="Utility\Calculation.h">
      <Filter>Utility</Filter>
    </ClInclude>
  </ItemGroup>
</Project>